
Microsoft Visual Studio Solution File, Format Version 12.00
# Visual Studio Version 17
VisualStudioVersion = 17.10.35027.167
MinimumVisualStudioVersion = 10.0.40219.1
Project("{FAE04EC0-301F-11D3-BF4B-00C04F79EFBC}") = "RestApi", "RestApi\RestApi.csproj", "{93B60B34-2348-43A3-82AF-890C0B9150E8}"
EndProject
Global
	GlobalSection(SolutionConfigurationPlatforms) = preSolution
		Debug|Any CPU = Debug|Any CPU
		Release|Any CPU = Release|Any CPU
	EndGlobalSection
	GlobalSection(ProjectConfigurationPlatforms) = postSolution
		{93B60B34-2348-43A3-82AF-890C0B9150E8}.Debug|Any CPU.ActiveCfg = Debug|Any CPU
		{93B60B34-2348-43A3-82AF-890C0B9150E8}.Debug|Any CPU.Build.0 = Debug|Any CPU
		{93B60B34-2348-43A3-82AF-890C0B9150E8}.Release|Any CPU.ActiveCfg = Release|Any CPU
		{93B60B34-2348-43A3-82AF-890C0B9150E8}.Release|Any CPU.Build.0 = Release|Any CPU
	EndGlobalSection
	GlobalSection(SolutionProperties) = preSolution
		HideSolutionNode = FALSE
	EndGlobalSection
	GlobalSection(ExtensibilityGlobals) = postSolution
		SolutionGuid = {05C0626F-6FDB-4F1F-BB3D-E260D65C9AF2}
	EndGlobalSection
EndGlobal
